Microsoft Visual Studio Solution File, Format Version 12.00
# Visual Studio Version 17
VisualStudioVersion = 17.5.2.0
MinimumVisualStudioVersion = 10.0.40219.1
Project("{FAE04EC0-301F-11D3-BF4B-00C04F79EFBC}") = "SmartAutoTrader.API", "SmartAutoTrader.API.csproj", "{4D895D14-A780-35A3-4624-0DA7F95AC551}"
EndProject
Global
	GlobalSection(SolutionConfigurationPlatforms) = preSolution
		Debug|Any CPU = Debug|Any CPU
		Release|Any CPU = Release|Any CPU
	EndGlobalSection
	GlobalSection(ProjectConfigurationPlatforms) = postSolution
		{4D895D14-A780-35A3-4624-0DA7F95AC551}.Debug|Any CPU.ActiveCfg = Debug|Any CPU
		{4D895D14-A780-35A3-4624-0DA7F95AC551}.Debug|Any CPU.Build.0 = Debug|Any CPU
		{4D895D14-A780-35A3-4624-0DA7F95AC551}.Release|Any CPU.ActiveCfg = Release|Any CPU
		{4D895D14-A780-35A3-4624-0DA7F95AC551}.Release|Any CPU.Build.0 = Release|Any CPU
	EndGlobalSection
	GlobalSection(SolutionProperties) = preSolution
		HideSolutionNode = FALSE
	EndGlobalSection
	GlobalSection(ExtensibilityGlobals) = postSolution
		SolutionGuid = {3668899F-75CA-4173-89E8-CDD996382BED}
	EndGlobalSection
EndGlobal
